
Microsoft Visual Studio Solution File, Format Version 12.00
# Visual Studio Version 17
VisualStudioVersion = 17.9.34607.119
MinimumVisualStudioVersion = 10.0.40219.1
Project("{9A19103F-16F7-4668-BE54-9A1E7A4F7556}") = "PillowcaseScrapper", "PillowcaseScrapper\PillowcaseScrapper.csproj", "{F31CEAA0-6FEA-4744-8F29-B91B1ABF2606}"
EndProject
Global
	GlobalSection(SolutionConfigurationPlatforms) = preSolution
		Debug|Any CPU = Debug|Any CPU
		Release|Any CPU = Release|Any CPU
	EndGlobalSection
	GlobalSection(ProjectConfigurationPlatforms) = postSolution
		{F31CEAA0-6FEA-4744-8F29-B91B1ABF2606}.Debug|Any CPU.ActiveCfg = Debug|Any CPU
		{F31CEAA0-6FEA-4744-8F29-B91B1ABF2606}.Debug|Any CPU.Build.0 = Debug|Any CPU
		{F31CEAA0-6FEA-4744-8F29-B91B1ABF2606}.Release|Any CPU.ActiveCfg = Release|Any CPU
		{F31CEAA0-6FEA-4744-8F29-B91B1ABF2606}.Release|Any CPU.Build.0 = Release|Any CPU
	EndGlobalSection
	GlobalSection(SolutionProperties) = preSolution
		HideSolutionNode = FALSE
	EndGlobalSection
	GlobalSection(ExtensibilityGlobals) = postSolution
		SolutionGuid = {769B6568-5673-4B87-9345-11E5B654A61A}
	EndGlobalSection
EndGlobal
